
Microsoft Visual Studio Solution File, Format Version 12.00
# Visual Studio Version 17
VisualStudioVersion = 17.4.33103.184
MinimumVisualStudioVersion = 10.0.40219.1
Project("{FAE04EC0-301F-11D3-BF4B-00C04F79EFBC}") = "Sparky", "Sparky\Sparky.csproj", "{BB04199D-3463-4841-83B5-8A707485B833}"
EndProject
Project("{FAE04EC0-301F-11D3-BF4B-00C04F79EFBC}") = "SparkyMSTest", "SparkyMSTest\SparkyMSTest.csproj", "{B3CC127C-C376-433B-99A1-9934FB92E8B8}"
EndProject
Project("{FAE04EC0-301F-11D3-BF4B-00C04F79EFBC}") = "SparkyNUnitTest", "SparkyNUnitTest\SparkyNUnitTest.csproj", "{9EE13AE0-CF7B-4F81-AA2F-B4DCC934A960}"
EndProject
Global
	GlobalSection(SolutionConfigurationPlatforms) = preSolution
		Debug|Any CPU = Debug|Any CPU
		Release|Any CPU = Release|Any CPU
	EndGlobalSection
	GlobalSection(ProjectConfigurationPlatforms) = postSolution
		{BB04199D-3463-4841-83B5-8A707485B833}.Debug|Any CPU.ActiveCfg = Debug|Any CPU
		{BB04199D-3463-4841-83B5-8A707485B833}.Debug|Any CPU.Build.0 = Debug|Any CPU
		{BB04199D-3463-4841-83B5-8A707485B833}.Release|Any CPU.ActiveCfg = Release|Any CPU
		{BB04199D-3463-4841-83B5-8A707485B833}.Release|Any CPU.Build.0 = Release|Any CPU
		{B3CC127C-C376-433B-99A1-9934FB92E8B8}.Debug|Any CPU.ActiveCfg = Debug|Any CPU
		{B3CC127C-C376-433B-99A1-9934FB92E8B8}.Debug|Any CPU.Build.0 = Debug|Any CPU
		{B3CC127C-C376-433B-99A1-9934FB92E8B8}.Release|Any CPU.ActiveCfg = Release|Any CPU
		{B3CC127C-C376-433B-99A1-9934FB92E8B8}.Release|Any CPU.Build.0 = Release|Any CPU
		{9EE13AE0-CF7B-4F81-AA2F-B4DCC934A960}.Debug|Any CPU.ActiveCfg = Debug|Any CPU
		{9EE13AE0-CF7B-4F81-AA2F-B4DCC934A960}.Debug|Any CPU.Build.0 = Debug|Any CPU
		{9EE13AE0-CF7B-4F81-AA2F-B4DCC934A960}.Release|Any CPU.ActiveCfg = Release|Any CPU
		{9EE13AE0-CF7B-4F81-AA2F-B4DCC934A960}.Release|Any CPU.Build.0 = Release|Any CPU
	EndGlobalSection
	GlobalSection(SolutionProperties) = preSolution
		HideSolutionNode = FALSE
	EndGlobalSection
	GlobalSection(ExtensibilityGlobals) = postSolution
		SolutionGuid = {DAA4B7AB-3F69-4463-8963-8600D7334412}
	EndGlobalSection
EndGlobal
